// !$*UTF8*$!
{
	archiveVersion = 1;
	classes = {
	};
	objectVersion = 50;
	objects = {

/* Begin PBXBuildFile section */
		A5426E3122E7B54A00F6ED6B /* AppDelegate.swift in Sources */ = {isa = PBXBuildFile; fileRef = A5426E3022E7B54A00F6ED6B /* AppDelegate.swift */; };
		A5426E3822E7B54C00F6ED6B /* Assets.xcassets in Resources */ = {isa = PBXBuildFile; fileRef = A5426E3722E7B54C00F6ED6B /* Assets.xcassets */; };
		A5426E3B22E7B54C00F6ED6B /* LaunchScreen.storyboard in Resources */ = {isa = PBXBuildFile; fileRef = A5426E3922E7B54C00F6ED6B /* LaunchScreen.storyboard */; };
		A5426E4722E7B6B300F6ED6B /* ShelfListView.swift in Sources */ = {isa = PBXBuildFile; fileRef = A5426E4622E7B6B300F6ED6B /* ShelfListView.swift */; };
		A5426E4C22E7B72500F6ED6B /* CodableView.swift in Sources */ = {isa = PBXBuildFile; fileRef = A5426E4A22E7B72500F6ED6B /* CodableView.swift */; };
		A5426E4D22E7B72500F6ED6B /* NSLayoutConstraint+UIView.swift in Sources */ = {isa = PBXBuildFile; fileRef = A5426E4B22E7B72500F6ED6B /* NSLayoutConstraint+UIView.swift */; };
		A5426E5122E7B7EB00F6ED6B /* ShelfListViewController.swift in Sources */ = {isa = PBXBuildFile; fileRef = A5426E5022E7B7EB00F6ED6B /* ShelfListViewController.swift */; };
		A5426E5422E7B90100F6ED6B /* Product.swift in Sources */ = {isa = PBXBuildFile; fileRef = A5426E5322E7B90100F6ED6B /* Product.swift */; };
		A5426E5622E7BC9000F6ED6B /* AppCordinator.swift in Sources */ = {isa = PBXBuildFile; fileRef = A5426E5522E7BC9000F6ED6B /* AppCordinator.swift */; };
		A5426E5822E7BC9E00F6ED6B /* ShelfCoordinator.swift in Sources */ = {isa = PBXBuildFile; fileRef = A5426E5722E7BC9E00F6ED6B /* ShelfCoordinator.swift */; };
		A5426E5A22E7C95500F6ED6B /* ShelfListDataSource.swift in Sources */ = {isa = PBXBuildFile; fileRef = A5426E5922E7C95500F6ED6B /* ShelfListDataSource.swift */; };
		A5426E5C22E7CBFA00F6ED6B /* UITableView+Reusable.swift in Sources */ = {isa = PBXBuildFile; fileRef = A5426E5B22E7CBFA00F6ED6B /* UITableView+Reusable.swift */; };
		A5426E5E22E7CC1100F6ED6B /* Reusable.swift in Sources */ = {isa = PBXBuildFile; fileRef = A5426E5D22E7CC1100F6ED6B /* Reusable.swift */; };
		A5426E6022E7CCFB00F6ED6B /* ShelfListCell.swift in Sources */ = {isa = PBXBuildFile; fileRef = A5426E5F22E7CCFB00F6ED6B /* ShelfListCell.swift */; };
		A5426E6722E8DA9D00F6ED6B /* TwoTextView.swift in Sources */ = {isa = PBXBuildFile; fileRef = A5426E6622E8DA9D00F6ED6B /* TwoTextView.swift */; };
		A5426E6922E903D500F6ED6B /* CardView.swift in Sources */ = {isa = PBXBuildFile; fileRef = A5426E6822E903D500F6ED6B /* CardView.swift */; };
		A5426E6B22E9113100F6ED6B /* SeparatorView.swift in Sources */ = {isa = PBXBuildFile; fileRef = A5426E6A22E9113100F6ED6B /* SeparatorView.swift */; };
		A5426E6D22E9F30F00F6ED6B /* HeaderRelevantInfoView.swift in Sources */ = {isa = PBXBuildFile; fileRef = A5426E6C22E9F30F00F6ED6B /* HeaderRelevantInfoView.swift */; };
		A5426E7122EA09D600F6ED6B /* InfoListView.swift in Sources */ = {isa = PBXBuildFile; fileRef = A5426E7022EA09D600F6ED6B /* InfoListView.swift */; };
		A5426E7322EA239200F6ED6B /* QuestionAnwserView.swift in Sources */ = {isa = PBXBuildFile; fileRef = A5426E7222EA239200F6ED6B /* QuestionAnwserView.swift */; };
		A5426E7522EA25A000F6ED6B /* Constants.swift in Sources */ = {isa = PBXBuildFile; fileRef = A5426E7422EA25A000F6ED6B /* Constants.swift */; };
		A58ED10422FA1FD400AA0525 /* ShelfListViewModel.swift in Sources */ = {isa = PBXBuildFile; fileRef = A58ED10322FA1FD400AA0525 /* ShelfListViewModel.swift */; };
		A58ED10622FA200200AA0525 /* ShelfListCellViewModel.swift in Sources */ = {isa = PBXBuildFile; fileRef = A58ED10522FA200200AA0525 /* ShelfListCellViewModel.swift */; };
		A58ED10922FA27E300AA0525 /* ShelfListRepository.swift in Sources */ = {isa = PBXBuildFile; fileRef = A58ED10822FA27E300AA0525 /* ShelfListRepository.swift */; };
		A58ED10D22FB689900AA0525 /* ProductDetailViewController.swift in Sources */ = {isa = PBXBuildFile; fileRef = A58ED10B22FB689900AA0525 /* ProductDetailViewController.swift */; };
		A58ED10E22FB689900AA0525 /* ProductDetailView.swift in Sources */ = {isa = PBXBuildFile; fileRef = A58ED10C22FB689900AA0525 /* ProductDetailView.swift */; };
		A58ED11022FC59E100AA0525 /* ProductDetailViewModel.swift in Sources */ = {isa = PBXBuildFile; fileRef = A58ED10F22FC59E100AA0525 /* ProductDetailViewModel.swift */; };
/* End PBXBuildFile section */

/* Begin PBXFileReference section */
		A5426E2D22E7B54A00F6ED6B /* DOJOViewCode.app */ = {isa = PBXFileReference; explicitFileType = wrapper.application; includeInIndex = 0; path = DOJOViewCode.app; sourceTree = BUILT_PRODUCTS_DIR; };
		A5426E3022E7B54A00F6ED6B /* AppDelegate.swift */ = {isa = PBXFileReference; lastKnownFileType = sourcecode.swift; path = AppDelegate.swift; sourceTree = "<group>"; };
		A5426E3722E7B54C00F6ED6B /* Assets.xcassets */ = {isa = PBXFileReference; lastKnownFileType = folder.assetcatalog; path = Assets.xcassets; sourceTree = "<group>"; };
		A5426E3A22E7B54C00F6ED6B /* Base */ = {isa = PBXFileReference; lastKnownFileType = file.storyboard; name = Base; path = Base.lproj/LaunchScreen.storyboard; sourceTree = "<group>"; };
		A5426E3C22E7B54C00F6ED6B /* Info.plist */ = {isa = PBXFileReference; lastKnownFileType = text.plist.xml; path = Info.plist; sourceTree = "<group>"; };
		A5426E4622E7B6B300F6ED6B /* ShelfListView.swift */ = {isa = PBXFileReference; lastKnownFileType = sourcecode.swift; path = ShelfListView.swift; sourceTree = "<group>"; };
		A5426E4A22E7B72500F6ED6B /* CodableView.swift */ = {isa = PBXFileReference; fileEncoding = 4; lastKnownFileType = sourcecode.swift; path = CodableView.swift; sourceTree = "<group>"; };
		A5426E4B22E7B72500F6ED6B /* NSLayoutConstraint+UIView.swift */ = {isa = PBXFileReference; fileEncoding = 4; lastKnownFileType = sourcecode.swift; path = "NSLayoutConstraint+UIView.swift"; sourceTree = "<group>"; };
		A5426E5022E7B7EB00F6ED6B /* ShelfListViewController.swift */ = {isa = PBXFileReference; lastKnownFileType = sourcecode.swift; path = ShelfListViewController.swift; sourceTree = "<group>"; };
		A5426E5322E7B90100F6ED6B /* Product.swift */ = {isa = PBXFileReference; lastKnownFileType = sourcecode.swift; path = Product.swift; sourceTree = "<group>"; };
		A5426E5522E7BC9000F6ED6B /* AppCordinator.swift */ = {isa = PBXFileReference; lastKnownFileType = sourcecode.swift; path = AppCordinator.swift; sourceTree = "<group>"; };
		A5426E5722E7BC9E00F6ED6B /* ShelfCoordinator.swift */ = {isa = PBXFileReference; lastKnownFileType = sourcecode.swift; path = ShelfCoordinator.swift; sourceTree = "<group>"; };
		A5426E5922E7C95500F6ED6B /* ShelfListDataSource.swift */ = {isa = PBXFileReference; lastKnownFileType = sourcecode.swift; path = ShelfListDataSource.swift; sourceTree = "<group>"; };
		A5426E5B22E7CBFA00F6ED6B /* UITableView+Reusable.swift */ = {isa = PBXFileReference; lastKnownFileType = sourcecode.swift; path = "UITableView+Reusable.swift"; sourceTree = "<group>"; };
		A5426E5D22E7CC1100F6ED6B /* Reusable.swift */ = {isa = PBXFileReference; lastKnownFileType = sourcecode.swift; path = Reusable.swift; sourceTree = "<group>"; };
		A5426E5F22E7CCFB00F6ED6B /* ShelfListCell.swift */ = {isa = PBXFileReference; lastKnownFileType = sourcecode.swift; path = ShelfListCell.swift; sourceTree = "<group>"; };
		A5426E6622E8DA9D00F6ED6B /* TwoTextView.swift */ = {isa = PBXFileReference; lastKnownFileType = sourcecode.swift; path = TwoTextView.swift; sourceTree = "<group>"; };
		A5426E6822E903D500F6ED6B /* CardView.swift */ = {isa = PBXFileReference; lastKnownFileType = sourcecode.swift; path = CardView.swift; sourceTree = "<group>"; };
		A5426E6A22E9113100F6ED6B /* SeparatorView.swift */ = {isa = PBXFileReference; lastKnownFileType = sourcecode.swift; path = SeparatorView.swift; sourceTree = "<group>"; };
		A5426E6C22E9F30F00F6ED6B /* HeaderRelevantInfoView.swift */ = {isa = PBXFileReference; lastKnownFileType = sourcecode.swift; path = HeaderRelevantInfoView.swift; sourceTree = "<group>"; };
		A5426E7022EA09D600F6ED6B /* InfoListView.swift */ = {isa = PBXFileReference; lastKnownFileType = sourcecode.swift; path = InfoListView.swift; sourceTree = "<group>"; };
		A5426E7222EA239200F6ED6B /* QuestionAnwserView.swift */ = {isa = PBXFileReference; lastKnownFileType = sourcecode.swift; path = QuestionAnwserView.swift; sourceTree = "<group>"; };
		A5426E7422EA25A000F6ED6B /* Constants.swift */ = {isa = PBXFileReference; lastKnownFileType = sourcecode.swift; path = Constants.swift; sourceTree = "<group>"; };
		A58ED10322FA1FD400AA0525 /* ShelfListViewModel.swift */ = {isa = PBXFileReference; lastKnownFileType = sourcecode.swift; path = ShelfListViewModel.swift; sourceTree = "<group>"; };
		A58ED10522FA200200AA0525 /* ShelfListCellViewModel.swift */ = {isa = PBXFileReference; lastKnownFileType = sourcecode.swift; path = ShelfListCellViewModel.swift; sourceTree = "<group>"; };
		A58ED10822FA27E300AA0525 /* ShelfListRepository.swift */ = {isa = PBXFileReference; lastKnownFileType = sourcecode.swift; path = ShelfListRepository.swift; sourceTree = "<group>"; };
		A58ED10B22FB689900AA0525 /* ProductDetailViewController.swift */ = {isa = PBXFileReference; fileEncoding = 4; lastKnownFileType = sourcecode.swift; path = ProductDetailViewController.swift; sourceTree = "<group>"; };
		A58ED10C22FB689900AA0525 /* ProductDetailView.swift */ = {isa = PBXFileReference; fileEncoding = 4; lastKnownFileType = sourcecode.swift; path = ProductDetailView.swift; sourceTree = "<group>"; };
		A58ED10F22FC59E100AA0525 /* ProductDetailViewModel.swift */ = {isa = PBXFileReference; lastKnownFileType = sourcecode.swift; path = ProductDetailViewModel.swift; sourceTree = "<group>"; };
/* End PBXFileReference section */

/* Begin PBXFrameworksBuildPhase section */
		A5426E2A22E7B54A00F6ED6B /* Frameworks */ = {
			isa = PBXFrameworksBuildPhase;
			buildActionMask = 2147483647;
			files = (
			);
			runOnlyForDeploymentPostprocessing = 0;
		};
/* End PBXFrameworksBuildPhase section */

/* Begin PBXGroup section */
		A5426E2422E7B54A00F6ED6B = {
			isa = PBXGroup;
			children = (
				A5426E2F22E7B54A00F6ED6B /* DOJOViewCode */,
				A5426E2E22E7B54A00F6ED6B /* Products */,
			);
			sourceTree = "<group>";
		};
		A5426E2E22E7B54A00F6ED6B /* Products */ = {
			isa = PBXGroup;
			children = (
				A5426E2D22E7B54A00F6ED6B /* DOJOViewCode.app */,
			);
			name = Products;
			sourceTree = "<group>";
		};
		A5426E2F22E7B54A00F6ED6B /* DOJOViewCode */ = {
			isa = PBXGroup;
			children = (
				A5426E3022E7B54A00F6ED6B /* AppDelegate.swift */,
				A5426E5522E7BC9000F6ED6B /* AppCordinator.swift */,
				A5426E4422E7B5C000F6ED6B /* Features */,
				A5426E5222E7B8EC00F6ED6B /* Models */,
				A5426E4822E7B6CD00F6ED6B /* Utils */,
				A5426E4222E7B59900F6ED6B /* Resources */,
				A5426E4322E7B5AB00F6ED6B /* Supporting FIles */,
			);
			path = DOJOViewCode;
			sourceTree = "<group>";
		};
		A5426E4222E7B59900F6ED6B /* Resources */ = {
			isa = PBXGroup;
			children = (
				A5426E3722E7B54C00F6ED6B /* Assets.xcassets */,
				A5426E3922E7B54C00F6ED6B /* LaunchScreen.storyboard */,
			);
			path = Resources;
			sourceTree = "<group>";
		};
		A5426E4322E7B5AB00F6ED6B /* Supporting FIles */ = {
			isa = PBXGroup;
			children = (
				A5426E3C22E7B54C00F6ED6B /* Info.plist */,
			);
			path = "Supporting FIles";
			sourceTree = "<group>";
		};
		A5426E4422E7B5C000F6ED6B /* Features */ = {
			isa = PBXGroup;
			children = (
				A5426E4522E7B61100F6ED6B /* Shelf */,
			);
			path = Features;
			sourceTree = "<group>";
		};
		A5426E4522E7B61100F6ED6B /* Shelf */ = {
			isa = PBXGroup;
			children = (
				A5426E5722E7BC9E00F6ED6B /* ShelfCoordinator.swift */,
				A5426E4E22E7B79800F6ED6B /* List */,
				A58ED10A22FB686100AA0525 /* Detail */,
			);
			path = Shelf;
			sourceTree = "<group>";
		};
		A5426E4822E7B6CD00F6ED6B /* Utils */ = {
			isa = PBXGroup;
			children = (
				A5426E7422EA25A000F6ED6B /* Constants.swift */,
				A5426E6522E8DA8A00F6ED6B /* CustomViews */,
				A5426E4922E7B6D300F6ED6B /* Extensions */,
			);
			path = Utils;
			sourceTree = "<group>";
		};
		A5426E4922E7B6D300F6ED6B /* Extensions */ = {
			isa = PBXGroup;
			children = (
				A5426E4A22E7B72500F6ED6B /* CodableView.swift */,
				A5426E4B22E7B72500F6ED6B /* NSLayoutConstraint+UIView.swift */,
				A5426E5D22E7CC1100F6ED6B /* Reusable.swift */,
				A5426E5B22E7CBFA00F6ED6B /* UITableView+Reusable.swift */,
			);
			path = Extensions;
			sourceTree = "<group>";
		};
		A5426E4E22E7B79800F6ED6B /* List */ = {
			isa = PBXGroup;
			children = (
				A58ED10722FA24E000AA0525 /* DataSource */,
				A5426E4622E7B6B300F6ED6B /* ShelfListView.swift */,
				A5426E5022E7B7EB00F6ED6B /* ShelfListViewController.swift */,
				A58ED10322FA1FD400AA0525 /* ShelfListViewModel.swift */,
				A58ED10822FA27E300AA0525 /* ShelfListRepository.swift */,
			);
			path = List;
			sourceTree = "<group>";
		};
		A5426E5222E7B8EC00F6ED6B /* Models */ = {
			isa = PBXGroup;
			children = (
				A5426E5322E7B90100F6ED6B /* Product.swift */,
			);
			path = Models;
			sourceTree = "<group>";
		};
		A5426E6522E8DA8A00F6ED6B /* CustomViews */ = {
			isa = PBXGroup;
			children = (
				A5426E6622E8DA9D00F6ED6B /* TwoTextView.swift */,
				A5426E6822E903D500F6ED6B /* CardView.swift */,
				A5426E6A22E9113100F6ED6B /* SeparatorView.swift */,
				A5426E6C22E9F30F00F6ED6B /* HeaderRelevantInfoView.swift */,
				A5426E7022EA09D600F6ED6B /* InfoListView.swift */,
				A5426E7222EA239200F6ED6B /* QuestionAnwserView.swift */,
			);
			path = CustomViews;
			sourceTree = "<group>";
		};
		A58ED10722FA24E000AA0525 /* DataSource */ = {
			isa = PBXGroup;
			children = (
				A5426E5F22E7CCFB00F6ED6B /* ShelfListCell.swift */,
				A58ED10522FA200200AA0525 /* ShelfListCellViewModel.swift */,
				A5426E5922E7C95500F6ED6B /* ShelfListDataSource.swift */,
			);
			path = DataSource;
			sourceTree = "<group>";
		};
		A58ED10A22FB686100AA0525 /* Detail */ = {
			isa = PBXGroup;
			children = (
				A58ED10C22FB689900AA0525 /* ProductDetailView.swift */,
				A58ED10B22FB689900AA0525 /* ProductDetailViewController.swift */,
				A58ED10F22FC59E100AA0525 /* ProductDetailViewModel.swift */,
			);
			path = Detail;
			sourceTree = "<group>";
		};
/* End PBXGroup section */

/* Begin PBXNativeTarget section */
		A5426E2C22E7B54A00F6ED6B /* DOJOViewCode */ = {
			isa = PBXNativeTarget;
			buildConfigurationList = A5426E3F22E7B54C00F6ED6B /* Build configuration list for PBXNativeTarget "DOJOViewCode" */;
			buildPhases = (
				A5426E2922E7B54A00F6ED6B /* Sources */,
				A5426E2A22E7B54A00F6ED6B /* Frameworks */,
				A5426E2B22E7B54A00F6ED6B /* Resources */,
			);
			buildRules = (
			);
			dependencies = (
			);
			name = DOJOViewCode;
			productName = DOJOViewCode;
			productReference = A5426E2D22E7B54A00F6ED6B /* DOJOViewCode.app */;
			productType = "com.apple.product-type.application";
		};
/* End PBXNativeTarget section */

/* Begin PBXProject section */
		A5426E2522E7B54A00F6ED6B /* Project object */ = {
			isa = PBXProject;
			attributes = {
				LastSwiftUpdateCheck = 1020;
				LastUpgradeCheck = 1020;
				ORGANIZATIONNAME = "Renato Mendes";
				TargetAttributes = {
					A5426E2C22E7B54A00F6ED6B = {
						CreatedOnToolsVersion = 10.2.1;
					};
				};
			};
			buildConfigurationList = A5426E2822E7B54A00F6ED6B /* Build configuration list for PBXProject "DOJOViewCode" */;
			compatibilityVersion = "Xcode 9.3";
			developmentRegion = en;
			hasScannedForEncodings = 0;
			knownRegions = (
				en,
				Base,
			);
			mainGroup = A5426E2422E7B54A00F6ED6B;
			productRefGroup = A5426E2E22E7B54A00F6ED6B /* Products */;
			projectDirPath = "";
			projectRoot = "";
			targets = (
				A5426E2C22E7B54A00F6ED6B /* DOJOViewCode */,
			);
		};
/* End PBXProject section */

/* Begin PBXResourcesBuildPhase section */
		A5426E2B22E7B54A00F6ED6B /* Resources */ = {
			isa = PBXResourcesBuildPhase;
			buildActionMask = 2147483647;
			files = (
				A5426E3B22E7B54C00F6ED6B /* LaunchScreen.storyboard in Resources */,
				A5426E3822E7B54C00F6ED6B /* Assets.xcassets in Resources */,
			);
			runOnlyForDeploymentPostprocessing = 0;
		};
/* End PBXResourcesBuildPhase section */

/* Begin PBXSourcesBuildPhase section */
		A5426E2922E7B54A00F6ED6B /* Sources */ = {
			isa = PBXSourcesBuildPhase;
			buildActionMask = 2147483647;
			files = (
				A5426E5C22E7CBFA00F6ED6B /* UITableView+Reusable.swift in Sources */,
				A58ED10922FA27E300AA0525 /* ShelfListRepository.swift in Sources */,
				A5426E5E22E7CC1100F6ED6B /* Reusable.swift in Sources */,
				A5426E5122E7B7EB00F6ED6B /* ShelfListViewController.swift in Sources */,
				A5426E6B22E9113100F6ED6B /* SeparatorView.swift in Sources */,
				A5426E4722E7B6B300F6ED6B /* ShelfListView.swift in Sources */,
				A5426E7122EA09D600F6ED6B /* InfoListView.swift in Sources */,
				A58ED10422FA1FD400AA0525 /* ShelfListViewModel.swift in Sources */,
				A58ED10622FA200200AA0525 /* ShelfListCellViewModel.swift in Sources */,
				A5426E6022E7CCFB00F6ED6B /* ShelfListCell.swift in Sources */,
				A5426E5A22E7C95500F6ED6B /* ShelfListDataSource.swift in Sources */,
				A5426E4C22E7B72500F6ED6B /* CodableView.swift in Sources */,
				A5426E7522EA25A000F6ED6B /* Constants.swift in Sources */,
				A5426E4D22E7B72500F6ED6B /* NSLayoutConstraint+UIView.swift in Sources */,
				A5426E3122E7B54A00F6ED6B /* AppDelegate.swift in Sources */,
				A58ED10D22FB689900AA0525 /* ProductDetailViewController.swift in Sources */,
				A5426E5422E7B90100F6ED6B /* Product.swift in Sources */,
				A58ED10E22FB689900AA0525 /* ProductDetailView.swift in Sources */,
				A5426E6722E8DA9D00F6ED6B /* TwoTextView.swift in Sources */,
				A5426E5622E7BC9000F6ED6B /* AppCordinator.swift in Sources */,
				A5426E6922E903D500F6ED6B /* CardView.swift in Sources */,
				A5426E6D22E9F30F00F6ED6B /* HeaderRelevantInfoView.swift in Sources */,
				A5426E7322EA239200F6ED6B /* QuestionAnwserView.swift in Sources */,
				A58ED11022FC59E100AA0525 /* ProductDetailViewModel.swift in Sources */,
				A5426E5822E7BC9E00F6ED6B /* ShelfCoordinator.swift in Sources */,
			);
			runOnlyForDeploymentPostprocessing = 0;
		};
/* End PBXSourcesBuildPhase section */

/* Begin PBXVariantGroup section */
		A5426E3922E7B54C00F6ED6B /* LaunchScreen.storyboard */ = {
			isa = PBXVariantGroup;
			children = (
				A5426E3A22E7B54C00F6ED6B /* Base */,
			);
			name = LaunchScreen.storyboard;
			sourceTree = "<group>";
		};
/* End PBXVariantGroup section */

/* Begin XCBuildConfiguration section */
		A5426E3D22E7B54C00F6ED6B /* Debug */ = {
			isa = XCBuildConfiguration;
			buildSettings = {
				ALWAYS_SEARCH_USER_PATHS = NO;
				CLANG_ANALYZER_NONNULL = YES;
				CLANG_ANALYZER_NUMBER_OBJECT_CONVERSION = YES_AGGRESSIVE;
				CLANG_CXX_LANGUAGE_STANDARD = "gnu++14";
				CLANG_CXX_LIBRARY = "libc++";
				CLANG_ENABLE_MODULES = YES;
				CLANG_ENABLE_OBJC_ARC = YES;
				CLANG_ENABLE_OBJC_WEAK = YES;
				CLANG_WARN_BLOCK_CAPTURE_AUTORELEASING = YES;
				CLANG_WARN_BOOL_CONVERSION = YES;
				CLANG_WARN_COMMA = YES;
				CLANG_WARN_CONSTANT_CONVERSION = YES;
				CLANG_WARN_DEPRECATED_OBJC_IMPLEMENTATIONS = YES;
				CLANG_WARN_DIRECT_OBJC_ISA_USAGE = YES_ERROR;
				CLANG_WARN_DOCUMENTATION_COMMENTS = YES;
				CLANG_WARN_EMPTY_BODY = YES;
				CLANG_WARN_ENUM_CONVERSION = YES;
				CLANG_WARN_INFINITE_RECURSION = YES;
				CLANG_WARN_INT_CONVERSION = YES;
				CLANG_WARN_NON_LITERAL_NULL_CONVERSION = YES;
				CLANG_WARN_OBJC_IMPLICIT_RETAIN_SELF = YES;
				CLANG_WARN_OBJC_LITERAL_CONVERSION = YES;
				CLANG_WARN_OBJC_ROOT_CLASS = YES_ERROR;
				CLANG_WARN_RANGE_LOOP_ANALYSIS = YES;
				CLANG_WARN_STRICT_PROTOTYPES = YES;
				CLANG_WARN_SUSPICIOUS_MOVE = YES;
				CLANG_WARN_UNGUARDED_AVAILABILITY = YES_AGGRESSIVE;
				CLANG_WARN_UNREACHABLE_CODE = YES;
				CLANG_WARN__DUPLICATE_METHOD_MATCH = YES;
				CODE_SIGN_IDENTITY = "iPhone Developer";
				COPY_PHASE_STRIP = NO;
				DEBUG_INFORMATION_FORMAT = dwarf;
				ENABLE_STRICT_OBJC_MSGSEND = YES;
				ENABLE_TESTABILITY = YES;
				GCC_C_LANGUAGE_STANDARD = gnu11;
				GCC_DYNAMIC_NO_PIC = NO;
				GCC_NO_COMMON_BLOCKS = YES;
				GCC_OPTIMIZATION_LEVEL = 0;
				GCC_PREPROCESSOR_DEFINITIONS = (
					"DEBUG=1",
					"$(inherited)",
				);
				GCC_WARN_64_TO_32_BIT_CONVERSION = YES;
				GCC_WARN_ABOUT_RETURN_TYPE = YES_ERROR;
				GCC_WARN_UNDECLARED_SELECTOR = YES;
				GCC_WARN_UNINITIALIZED_AUTOS = YES_AGGRESSIVE;
				GCC_WARN_UNUSED_FUNCTION = YES;
				GCC_WARN_UNUSED_VARIABLE = YES;
				IPHONEOS_DEPLOYMENT_TARGET = 12.2;
				MTL_ENABLE_DEBUG_INFO = INCLUDE_SOURCE;
				MTL_FAST_MATH = YES;
				ONLY_ACTIVE_ARCH = YES;
				SDKROOT = iphoneos;
				SWIFT_ACTIVE_COMPILATION_CONDITIONS = DEBUG;
				SWIFT_OPTIMIZATION_LEVEL = "-Onone";
			};
			name = Debug;
		};
		A5426E3E22E7B54C00F6ED6B /* Release */ = {
			isa = XCBuildConfiguration;
			buildSettings = {
				ALWAYS_SEARCH_USER_PATHS = NO;
				CLANG_ANALYZER_NONNULL = YES;
				CLANG_ANALYZER_NUMBER_OBJECT_CONVERSION = YES_AGGRESSIVE;
				CLANG_CXX_LANGUAGE_STANDARD = "gnu++14";
				CLANG_CXX_LIBRARY = "libc++";
				CLANG_ENABLE_MODULES = YES;
				CLANG_ENABLE_OBJC_ARC = YES;
				CLANG_ENABLE_OBJC_WEAK = YES;
				CLANG_WARN_BLOCK_CAPTURE_AUTORELEASING = YES;
				CLANG_WARN_BOOL_CONVERSION = YES;
				CLANG_WARN_COMMA = YES;
				CLANG_WARN_CONSTANT_CONVERSION = YES;
				CLANG_WARN_DEPRECATED_OBJC_IMPLEMENTATIONS = YES;
				CLANG_WARN_DIRECT_OBJC_ISA_USAGE = YES_ERROR;
				CLANG_WARN_DOCUMENTATION_COMMENTS = YES;
				CLANG_WARN_EMPTY_BODY = YES;
				CLANG_WARN_ENUM_CONVERSION = YES;
				CLANG_WARN_INFINITE_RECURSION = YES;
				CLANG_WARN_INT_CONVERSION = YES;
				CLANG_WARN_NON_LITERAL_NULL_CONVERSION = YES;
				CLANG_WARN_OBJC_IMPLICIT_RETAIN_SELF = YES;
				CLANG_WARN_OBJC_LITERAL_CONVERSION = YES;
				CLANG_WARN_OBJC_ROOT_CLASS = YES_ERROR;
				CLANG_WARN_RANGE_LOOP_ANALYSIS = YES;
				CLANG_WARN_STRICT_PROTOTYPES = YES;
				CLANG_WARN_SUSPICIOUS_MOVE = YES;
				CLANG_WARN_UNGUARDED_AVAILABILITY = YES_AGGRESSIVE;
				CLANG_WARN_UNREACHABLE_CODE = YES;
				CLANG_WARN__DUPLICATE_METHOD_MATCH = YES;
				CODE_SIGN_IDENTITY = "iPhone Developer";
				COPY_PHASE_STRIP = NO;
				DEBUG_INFORMATION_FORMAT = "dwarf-with-dsym";
				ENABLE_NS_ASSERTIONS = NO;
				ENABLE_STRICT_OBJC_MSGSEND = YES;
				GCC_C_LANGUAGE_STANDARD = gnu11;
				GCC_NO_COMMON_BLOCKS = YES;
				GCC_WARN_64_TO_32_BIT_CONVERSION = YES;
				GCC_WARN_ABOUT_RETURN_TYPE = YES_ERROR;
				GCC_WARN_UNDECLARED_SELECTOR = YES;
				GCC_WARN_UNINITIALIZED_AUTOS = YES_AGGRESSIVE;
				GCC_WARN_UNUSED_FUNCTION = YES;
				GCC_WARN_UNUSED_VARIABLE = YES;
				IPHONEOS_DEPLOYMENT_TARGET = 12.2;
				MTL_ENABLE_DEBUG_INFO = NO;
				MTL_FAST_MATH = YES;
				SDKROOT = iphoneos;
				SWIFT_COMPILATION_MODE = wholemodule;
				SWIFT_OPTIMIZATION_LEVEL = "-O";
				VALIDATE_PRODUCT = YES;
			};
			name = Release;
		};
		A5426E4022E7B54C00F6ED6B /* Debug */ = {
			isa = XCBuildConfiguration;
			buildSettings = {
				ASSETCATALOG_COMPILER_APPICON_NAME = AppIcon;
				CODE_SIGN_STYLE = Automatic;
				DEVELOPMENT_TEAM = C5S742N4J4;
				INFOPLIST_FILE = "$(SRCROOT)/DOJOViewCode/Supporting FIles/Info.plist";
				LD_RUNPATH_SEARCH_PATHS = (
					"$(inherited)",
					"@executable_path/Frameworks",
				);
				PRODUCT_BUNDLE_IDENTIFIER = com.rm.DOJOViewCode;
				PRODUCT_NAME = "$(TARGET_NAME)";
				SWIFT_VERSION = 5.0;
				TARGETED_DEVICE_FAMILY = 1;
			};
			name = Debug;
		};
		A5426E4122E7B54C00F6ED6B /* Release */ = {
			isa = XCBuildConfiguration;
			buildSettings = {
				ASSETCATALOG_COMPILER_APPICON_NAME = AppIcon;
				CODE_SIGN_STYLE = Automatic;
				DEVELOPMENT_TEAM = C5S742N4J4;
				INFOPLIST_FILE = "$(SRCROOT)/DOJOViewCode/Supporting FIles/Info.plist";
				LD_RUNPATH_SEARCH_PATHS = (
					"$(inherited)",
					"@executable_path/Frameworks",
				);
				PRODUCT_BUNDLE_IDENTIFIER = com.rm.DOJOViewCode;
				PRODUCT_NAME = "$(TARGET_NAME)";
				SWIFT_VERSION = 5.0;
				TARGETED_DEVICE_FAMILY = 1;
			};
			name = Release;
		};
/* End XCBuildConfiguration section */

/* Begin XCConfigurationList section */
		A5426E2822E7B54A00F6ED6B /* Build configuration list for PBXProject "DOJOViewCode" */ = {
			isa = XCConfigurationList;
			buildConfigurations = (
				A5426E3D22E7B54C00F6ED6B /* Debug */,
				A5426E3E22E7B54C00F6ED6B /* Release */,
			);
			defaultConfigurationIsVisible = 0;
			defaultConfigurationName = Release;
		};
		A5426E3F22E7B54C00F6ED6B /* Build configuration list for PBXNativeTarget "DOJOViewCode" */ = {
			isa = XCConfigurationList;
			buildConfigurations = (
				A5426E4022E7B54C00F6ED6B /* Debug */,
				A5426E4122E7B54C00F6ED6B /* Release */,
			);
			defaultConfigurationIsVisible = 0;
			defaultConfigurationName = Release;
		};
/* End XCConfigurationList section */
	};
	rootObject = A5426E2522E7B54A00F6ED6B /* Project object */;
}
